
Microsoft Visual Studio Solution File, Format Version 12.00
# Visual Studio Version 17
VisualStudioVersion = 17.3.32825.248
MinimumVisualStudioVersion = 10.0.40219.1
Project("{FAE04EC0-301F-11D3-BF4B-00C04F79EFBC}") = "Market_AromatniyMir", "Market_AromatniyMir\Market_AromatniyMir.csproj", "{0A3C3403-FEF5-49D9-8A0D-F8C5C3806DBD}"
EndProject
Global
	GlobalSection(SolutionConfigurationPlatforms) = preSolution
		Debug|Any CPU = Debug|Any CPU
		Release|Any CPU = Release|Any CPU
	EndGlobalSection
	GlobalSection(ProjectConfigurationPlatforms) = postSolution
		{0A3C3403-FEF5-49D9-8A0D-F8C5C3806DBD}.Debug|Any CPU.ActiveCfg = Debug|Any CPU
		{0A3C3403-FEF5-49D9-8A0D-F8C5C3806DBD}.Debug|Any CPU.Build.0 = Debug|Any CPU
		{0A3C3403-FEF5-49D9-8A0D-F8C5C3806DBD}.Release|Any CPU.ActiveCfg = Release|Any CPU
		{0A3C3403-FEF5-49D9-8A0D-F8C5C3806DBD}.Release|Any CPU.Build.0 = Release|Any CPU
	EndGlobalSection
	GlobalSection(SolutionProperties) = preSolution
		HideSolutionNode = FALSE
	EndGlobalSection
	GlobalSection(ExtensibilityGlobals) = postSolution
		SolutionGuid = {ABF9BB90-D6E7-45E3-B854-3252C7349B6F}
	EndGlobalSection
EndGlobal
